// !$*UTF8*$!
{
	archiveVersion = 1;
	classes = {
	};
	objectVersion = 56;
	objects = {

/* Begin PBXBuildFile section */
		A1BA9ECF2D45B2EC00C1F6A9 /* AppDelegate.swift in Sources */ = {isa = PBXBuildFile; fileRef = A1BA9ECE2D45B2EC00C1F6A9 /* AppDelegate.swift */; };
		A1BA9ED12D45B2EC00C1F6A9 /* SceneDelegate.swift in Sources */ = {isa = PBXBuildFile; fileRef = A1BA9ED02D45B2EC00C1F6A9 /* SceneDelegate.swift */; };
		A1BA9ED32D45B2EC00C1F6A9 /* ViewController.swift in Sources */ = {isa = PBXBuildFile; fileRef = A1BA9ED22D45B2EC00C1F6A9 /* ViewController.swift */; };
		A1BA9ED62D45B2EC00C1F6A9 /* Base in Resources */ = {isa = PBXBuildFile; fileRef = A1BA9ED52D45B2EC00C1F6A9 /* Base */; };
		A1BA9ED82D45B2ED00C1F6A9 /* Assets.xcassets in Resources */ = {isa = PBXBuildFile; fileRef = A1BA9ED72D45B2ED00C1F6A9 /* Assets.xcassets */; };
		A1BA9EDB2D45B2ED00C1F6A9 /* Base in Resources */ = {isa = PBXBuildFile; fileRef = A1BA9EDA2D45B2ED00C1F6A9 /* Base */; };
		A1BA9EE62D45B2EE00C1F6A9 /* PreworkTests.swift in Sources */ = {isa = PBXBuildFile; fileRef = A1BA9EE52D45B2EE00C1F6A9 /* PreworkTests.swift */; };
		A1BA9EF02D45B2EE00C1F6A9 /* PreworkUITests.swift in Sources */ = {isa = PBXBuildFile; fileRef = A1BA9EEF2D45B2EE00C1F6A9 /* PreworkUITests.swift */; };
		A1BA9EF22D45B2EE00C1F6A9 /* PreworkUITestsLaunchTests.swift in Sources */ = {isa = PBXBuildFile; fileRef = A1BA9EF12D45B2EE00C1F6A9 /* PreworkUITestsLaunchTests.swift */; };
/* End PBXBuildFile section */

/* Begin PBXContainerItemProxy section */
		A1BA9EE22D45B2EE00C1F6A9 /* PBXContainerItemProxy */ = {
			isa = PBXContainerItemProxy;
			containerPortal = A1BA9EC32D45B2EC00C1F6A9 /* Project object */;
			proxyType = 1;
			remoteGlobalIDString = A1BA9ECA2D45B2EC00C1F6A9;
			remoteInfo = Prework;
		};
		A1BA9EEC2D45B2EE00C1F6A9 /* PBXContainerItemProxy */ = {
			isa = PBXContainerItemProxy;
			containerPortal = A1BA9EC32D45B2EC00C1F6A9 /* Project object */;
			proxyType = 1;
			remoteGlobalIDString = A1BA9ECA2D45B2EC00C1F6A9;
			remoteInfo = Prework;
		};
/* End PBXContainerItemProxy section */

/* Begin PBXFileReference section */
		A1BA9ECB2D45B2EC00C1F6A9 /* Prework.app */ = {isa = PBXFileReference; explicitFileType = wrapper.application; includeInIndex = 0; path = Prework.app; sourceTree = BUILT_PRODUCTS_DIR; };
		A1BA9ECE2D45B2EC00C1F6A9 /* AppDelegate.swift */ = {isa = PBXFileReference; lastKnownFileType = sourcecode.swift; path = AppDelegate.swift; sourceTree = "<group>"; };
		A1BA9ED02D45B2EC00C1F6A9 /* SceneDelegate.swift */ = {isa = PBXFileReference; lastKnownFileType = sourcecode.swift; path = SceneDelegate.swift; sourceTree = "<group>"; };
		A1BA9ED22D45B2EC00C1F6A9 /* ViewController.swift */ = {isa = PBXFileReference; lastKnownFileType = sourcecode.swift; path = ViewController.swift; sourceTree = "<group>"; };
		A1BA9ED52D45B2EC00C1F6A9 /* Base */ = {isa = PBXFileReference; lastKnownFileType = file.storyboard; name = Base; path = Base.lproj/Main.storyboard; sourceTree = "<group>"; };
		A1BA9ED72D45B2ED00C1F6A9 /* Assets.xcassets */ = {isa = PBXFileReference; lastKnownFileType = folder.assetcatalog; path = Assets.xcassets; sourceTree = "<group>"; };
		A1BA9EDA2D45B2ED00C1F6A9 /* Base */ = {isa = PBXFileReference; lastKnownFileType = file.storyboard; name = Base; path = Base.lproj/LaunchScreen.storyboard; sourceTree = "<group>"; };
		A1BA9EDC2D45B2ED00C1F6A9 /* Info.plist */ = {isa = PBXFileReference; lastKnownFileType = text.plist.xml; path = Info.plist; sourceTree = "<group>"; };
		A1BA9EE12D45B2EE00C1F6A9 /* PreworkTests.xctest */ = {isa = PBXFileReference; explicitFileType = wrapper.cfbundle; includeInIndex = 0; path = PreworkTests.xctest; sourceTree = BUILT_PRODUCTS_DIR; };
		A1BA9EE52D45B2EE00C1F6A9 /* PreworkTests.swift */ = {isa = PBXFileReference; lastKnownFileType = sourcecode.swift; path = PreworkTests.swift; sourceTree = "<group>"; };
		A1BA9EEB2D45B2EE00C1F6A9 /* PreworkUITests.xctest */ = {isa = PBXFileReference; explicitFileType = wrapper.cfbundle; includeInIndex = 0; path = PreworkUITests.xctest; sourceTree = BUILT_PRODUCTS_DIR; };
		A1BA9EEF2D45B2EE00C1F6A9 /* PreworkUITests.swift */ = {isa = PBXFileReference; lastKnownFileType = sourcecode.swift; path = PreworkUITests.swift; sourceTree = "<group>"; };
		A1BA9EF12D45B2EE00C1F6A9 /* PreworkUITestsLaunchTests.swift */ = {isa = PBXFileReference; lastKnownFileType = sourcecode.swift; path = PreworkUITestsLaunchTests.swift; sourceTree = "<group>"; };
/* End PBXFileReference section */

/* Begin PBXFrameworksBuildPhase section */
		A1BA9EC82D45B2EC00C1F6A9 /* Frameworks */ = {
			isa = PBXFrameworksBuildPhase;
			buildActionMask = 2147483647;
			files = (
			);
			runOnlyForDeploymentPostprocessing = 0;
		};
		A1BA9EDE2D45B2EE00C1F6A9 /* Frameworks */ = {
			isa = PBXFrameworksBuildPhase;
			buildActionMask = 2147483647;
			files = (
			);
			runOnlyForDeploymentPostprocessing = 0;
		};
		A1BA9EE82D45B2EE00C1F6A9 /* Frameworks */ = {
			isa = PBXFrameworksBuildPhase;
			buildActionMask = 2147483647;
			files = (
			);
			runOnlyForDeploymentPostprocessing = 0;
		};
/* End PBXFrameworksBuildPhase section */

/* Begin PBXGroup section */
		A1BA9EC22D45B2EC00C1F6A9 = {
			isa = PBXGroup;
			children = (
				A1BA9ECD2D45B2EC00C1F6A9 /* Prework */,
				A1BA9EE42D45B2EE00C1F6A9 /* PreworkTests */,
				A1BA9EEE2D45B2EE00C1F6A9 /* PreworkUITests */,
				A1BA9ECC2D45B2EC00C1F6A9 /* Products */,
			);
			sourceTree = "<group>";
		};
		A1BA9ECC2D45B2EC00C1F6A9 /* Products */ = {
			isa = PBXGroup;
			children = (
				A1BA9ECB2D45B2EC00C1F6A9 /* Prework.app */,
				A1BA9EE12D45B2EE00C1F6A9 /* PreworkTests.xctest */,
				A1BA9EEB2D45B2EE00C1F6A9 /* PreworkUITests.xctest */,
			);
			name = Products;
			sourceTree = "<group>";
		};
		A1BA9ECD2D45B2EC00C1F6A9 /* Prework */ = {
			isa = PBXGroup;
			children = (
				A1BA9ECE2D45B2EC00C1F6A9 /* AppDelegate.swift */,
				A1BA9ED02D45B2EC00C1F6A9 /* SceneDelegate.swift */,
				A1BA9ED22D45B2EC00C1F6A9 /* ViewController.swift */,
				A1BA9ED42D45B2EC00C1F6A9 /* Main.storyboard */,
				A1BA9ED72D45B2ED00C1F6A9 /* Assets.xcassets */,
				A1BA9ED92D45B2ED00C1F6A9 /* LaunchScreen.storyboard */,
				A1BA9EDC2D45B2ED00C1F6A9 /* Info.plist */,
			);
			path = Prework;
			sourceTree = "<group>";
		};
		A1BA9EE42D45B2EE00C1F6A9 /* PreworkTests */ = {
			isa = PBXGroup;
			children = (
				A1BA9EE52D45B2EE00C1F6A9 /* PreworkTests.swift */,
			);
			path = PreworkTests;
			sourceTree = "<group>";
		};
		A1BA9EEE2D45B2EE00C1F6A9 /* PreworkUITests */ = {
			isa = PBXGroup;
			children = (
				A1BA9EEF2D45B2EE00C1F6A9 /* PreworkUITests.swift */,
				A1BA9EF12D45B2EE00C1F6A9 /* PreworkUITestsLaunchTests.swift */,
			);
			path = PreworkUITests;
			sourceTree = "<group>";
		};
/* End PBXGroup section */

/* Begin PBXNativeTarget section */
		A1BA9ECA2D45B2EC00C1F6A9 /* Prework */ = {
			isa = PBXNativeTarget;
			buildConfigurationList = A1BA9EF52D45B2EE00C1F6A9 /* Build configuration list for PBXNativeTarget "Prework" */;
			buildPhases = (
				A1BA9EC72D45B2EC00C1F6A9 /* Sources */,
				A1BA9EC82D45B2EC00C1F6A9 /* Frameworks */,
				A1BA9EC92D45B2EC00C1F6A9 /* Resources */,
			);
			buildRules = (
			);
			dependencies = (
			);
			name = Prework;
			productName = Prework;
			productReference = A1BA9ECB2D45B2EC00C1F6A9 /* Prework.app */;
			productType = "com.apple.product-type.application";
		};
		A1BA9EE02D45B2EE00C1F6A9 /* PreworkTests */ = {
			isa = PBXNativeTarget;
			buildConfigurationList = A1BA9EF82D45B2EE00C1F6A9 /* Build configuration list for PBXNativeTarget "PreworkTests" */;
			buildPhases = (
				A1BA9EDD2D45B2EE00C1F6A9 /* Sources */,
				A1BA9EDE2D45B2EE00C1F6A9 /* Frameworks */,
				A1BA9EDF2D45B2EE00C1F6A9 /* Resources */,
			);
			buildRules = (
			);
			dependencies = (
				A1BA9EE32D45B2EE00C1F6A9 /* PBXTargetDependency */,
			);
			name = PreworkTests;
			productName = PreworkTests;
			productReference = A1BA9EE12D45B2EE00C1F6A9 /* PreworkTests.xctest */;
			productType = "com.apple.product-type.bundle.unit-test";
		};
		A1BA9EEA2D45B2EE00C1F6A9 /* PreworkUITests */ = {
			isa = PBXNativeTarget;
			buildConfigurationList = A1BA9EFB2D45B2EE00C1F6A9 /* Build configuration list for PBXNativeTarget "PreworkUITests" */;
			buildPhases = (
				A1BA9EE72D45B2EE00C1F6A9 /* Sources */,
				A1BA9EE82D45B2EE00C1F6A9 /* Frameworks */,
				A1BA9EE92D45B2EE00C1F6A9 /* Resources */,
			);
			buildRules = (
			);
			dependencies = (
				A1BA9EED2D45B2EE00C1F6A9 /* PBXTargetDependency */,
			);
			name = PreworkUITests;
			productName = PreworkUITests;
			productReference = A1BA9EEB2D45B2EE00C1F6A9 /* PreworkUITests.xctest */;
			productType = "com.apple.product-type.bundle.ui-testing";
		};
/* End PBXNativeTarget section */

/* Begin PBXProject section */
		A1BA9EC32D45B2EC00C1F6A9 /* Project object */ = {
			isa = PBXProject;
			attributes = {
				BuildIndependentTargetsInParallel = 1;
				LastSwiftUpdateCheck = 1540;
				LastUpgradeCheck = 1540;
				TargetAttributes = {
					A1BA9ECA2D45B2EC00C1F6A9 = {
						CreatedOnToolsVersion = 15.4;
					};
					A1BA9EE02D45B2EE00C1F6A9 = {
						CreatedOnToolsVersion = 15.4;
						TestTargetID = A1BA9ECA2D45B2EC00C1F6A9;
					};
					A1BA9EEA2D45B2EE00C1F6A9 = {
						CreatedOnToolsVersion = 15.4;
						TestTargetID = A1BA9ECA2D45B2EC00C1F6A9;
					};
				};
			};
			buildConfigurationList = A1BA9EC62D45B2EC00C1F6A9 /* Build configuration list for PBXProject "Prework" */;
			compatibilityVersion = "Xcode 14.0";
			developmentRegion = en;
			hasScannedForEncodings = 0;
			knownRegions = (
				en,
				Base,
			);
			mainGroup = A1BA9EC22D45B2EC00C1F6A9;
			productRefGroup = A1BA9ECC2D45B2EC00C1F6A9 /* Products */;
			projectDirPath = "";
			projectRoot = "";
			targets = (
				A1BA9ECA2D45B2EC00C1F6A9 /* Prework */,
				A1BA9EE02D45B2EE00C1F6A9 /* PreworkTests */,
				A1BA9EEA2D45B2EE00C1F6A9 /* PreworkUITests */,
			);
		};
/* End PBXProject section */

/* Begin PBXResourcesBuildPhase section */
		A1BA9EC92D45B2EC00C1F6A9 /* Resources */ = {
			isa = PBXResourcesBuildPhase;
			buildActionMask = 2147483647;
			files = (
				A1BA9ED82D45B2ED00C1F6A9 /* Assets.xcassets in Resources */,
				A1BA9EDB2D45B2ED00C1F6A9 /* Base in Resources */,
				A1BA9ED62D45B2EC00C1F6A9 /* Base in Resources */,
			);
			runOnlyForDeploymentPostprocessing = 0;
		};
		A1BA9EDF2D45B2EE00C1F6A9 /* Resources */ = {
			isa = PBXResourcesBuildPhase;
			buildActionMask = 2147483647;
			files = (
			);
			runOnlyForDeploymentPostprocessing = 0;
		};
		A1BA9EE92D45B2EE00C1F6A9 /* Resources */ = {
			isa = PBXResourcesBuildPhase;
			buildActionMask = 2147483647;
			files = (
			);
			runOnlyForDeploymentPostprocessing = 0;
		};
/* End PBXResourcesBuildPhase section */

/* Begin PBXSourcesBuildPhase section */
		A1BA9EC72D45B2EC00C1F6A9 /* Sources */ = {
			isa = PBXSourcesBuildPhase;
			buildActionMask = 2147483647;
			files = (
				A1BA9ED32D45B2EC00C1F6A9 /* ViewController.swift in Sources */,
				A1BA9ECF2D45B2EC00C1F6A9 /* AppDelegate.swift in Sources */,
				A1BA9ED12D45B2EC00C1F6A9 /* SceneDelegate.swift in Sources */,
			);
			runOnlyForDeploymentPostprocessing = 0;
		};
		A1BA9EDD2D45B2EE00C1F6A9 /* Sources */ = {
			isa = PBXSourcesBuildPhase;
			buildActionMask = 2147483647;
			files = (
				A1BA9EE62D45B2EE00C1F6A9 /* PreworkTests.swift in Sources */,
			);
			runOnlyForDeploymentPostprocessing = 0;
		};
		A1BA9EE72D45B2EE00C1F6A9 /* Sources */ = {
			isa = PBXSourcesBuildPhase;
			buildActionMask = 2147483647;
			files = (
				A1BA9EF02D45B2EE00C1F6A9 /* PreworkUITests.swift in Sources */,
				A1BA9EF22D45B2EE00C1F6A9 /* PreworkUITestsLaunchTests.swift in Sources */,
			);
			runOnlyForDeploymentPostprocessing = 0;
		};
/* End PBXSourcesBuildPhase section */

/* Begin PBXTargetDependency section */
		A1BA9EE32D45B2EE00C1F6A9 /* PBXTargetDependency */ = {
			isa = PBXTargetDependency;
			target = A1BA9ECA2D45B2EC00C1F6A9 /* Prework */;
			targetProxy = A1BA9EE22D45B2EE00C1F6A9 /* PBXContainerItemProxy */;
		};
		A1BA9EED2D45B2EE00C1F6A9 /* PBXTargetDependency */ = {
			isa = PBXTargetDependency;
			target = A1BA9ECA2D45B2EC00C1F6A9 /* Prework */;
			targetProxy = A1BA9EEC2D45B2EE00C1F6A9 /* PBXContainerItemProxy */;
		};
/* End PBXTargetDependency section */

/* Begin PBXVariantGroup section */
		A1BA9ED42D45B2EC00C1F6A9 /* Main.storyboard */ = {
			isa = PBXVariantGroup;
			children = (
				A1BA9ED52D45B2EC00C1F6A9 /* Base */,
			);
			name = Main.storyboard;
			sourceTree = "<group>";
		};
		A1BA9ED92D45B2ED00C1F6A9 /* LaunchScreen.storyboard */ = {
			isa = PBXVariantGroup;
			children = (
				A1BA9EDA2D45B2ED00C1F6A9 /* Base */,
			);
			name = LaunchScreen.storyboard;
			sourceTree = "<group>";
		};
/* End PBXVariantGroup section */

/* Begin XCBuildConfiguration section */
		A1BA9EF32D45B2EE00C1F6A9 /* Debug */ = {
			isa = XCBuildConfiguration;
			buildSettings = {
				ALWAYS_SEARCH_USER_PATHS = NO;
				ASSETCATALOG_COMPILER_GENERATE_SWIFT_ASSET_SYMBOL_EXTENSIONS = YES;
				CLANG_ANALYZER_NONNULL = YES;
				CLANG_ANALYZER_NUMBER_OBJECT_CONVERSION = YES_AGGRESSIVE;
				CLANG_CXX_LANGUAGE_STANDARD = "gnu++20";
				CLANG_ENABLE_MODULES = YES;
				CLANG_ENABLE_OBJC_ARC = YES;
				CLANG_ENABLE_OBJC_WEAK = YES;
				CLANG_WARN_BLOCK_CAPTURE_AUTORELEASING = YES;
				CLANG_WARN_BOOL_CONVERSION = YES;
				CLANG_WARN_COMMA = YES;
				CLANG_WARN_CONSTANT_CONVERSION = YES;
				CLANG_WARN_DEPRECATED_OBJC_IMPLEMENTATIONS = YES;
				CLANG_WARN_DIRECT_OBJC_ISA_USAGE = YES_ERROR;
				CLANG_WARN_DOCUMENTATION_COMMENTS = YES;
				CLANG_WARN_EMPTY_BODY = YES;
				CLANG_WARN_ENUM_CONVERSION = YES;
				CLANG_WARN_INFINITE_RECURSION = YES;
				CLANG_WARN_INT_CONVERSION = YES;
				CLANG_WARN_NON_LITERAL_NULL_CONVERSION = YES;
				CLANG_WARN_OBJC_IMPLICIT_RETAIN_SELF = YES;
				CLANG_WARN_OBJC_LITERAL_CONVERSION = YES;
				CLANG_WARN_OBJC_ROOT_CLASS = YES_ERROR;
				CLANG_WARN_QUOTED_INCLUDE_IN_FRAMEWORK_HEADER = YES;
				CLANG_WARN_RANGE_LOOP_ANALYSIS = YES;
				CLANG_WARN_STRICT_PROTOTYPES = YES;
				CLANG_WARN_SUSPICIOUS_MOVE = YES;
				CLANG_WARN_UNGUARDED_AVAILABILITY = YES_AGGRESSIVE;
				CLANG_WARN_UNREACHABLE_CODE = YES;
				CLANG_WARN__DUPLICATE_METHOD_MATCH = YES;
				COPY_PHASE_STRIP = NO;
				DEBUG_INFORMATION_FORMAT = dwarf;
				ENABLE_STRICT_OBJC_MSGSEND = YES;
				ENABLE_TESTABILITY = YES;
				ENABLE_USER_SCRIPT_SANDBOXING = YES;
				GCC_C_LANGUAGE_STANDARD = gnu17;
				GCC_DYNAMIC_NO_PIC = NO;
				GCC_NO_COMMON_BLOCKS = YES;
				GCC_OPTIMIZATION_LEVEL = 0;
				GCC_PREPROCESSOR_DEFINITIONS = (
					"DEBUG=1",
					"$(inherited)",
				);
				GCC_WARN_64_TO_32_BIT_CONVERSION = YES;
				GCC_WARN_ABOUT_RETURN_TYPE = YES_ERROR;
				GCC_WARN_UNDECLARED_SELECTOR = YES;
				GCC_WARN_UNINITIALIZED_AUTOS = YES_AGGRESSIVE;
				GCC_WARN_UNUSED_FUNCTION = YES;
				GCC_WARN_UNUSED_VARIABLE = YES;
				IPHONEOS_DEPLOYMENT_TARGET = 17.5;
				LOCALIZATION_PREFERS_STRING_CATALOGS = YES;
				MTL_ENABLE_DEBUG_INFO = INCLUDE_SOURCE;
				MTL_FAST_MATH = YES;
				ONLY_ACTIVE_ARCH = YES;
				SDKROOT = iphoneos;
				SWIFT_ACTIVE_COMPILATION_CONDITIONS = "DEBUG $(inherited)";
				SWIFT_OPTIMIZATION_LEVEL = "-Onone";
			};
			name = Debug;
		};
		A1BA9EF42D45B2EE00C1F6A9 /* Release */ = {
			isa = XCBuildConfiguration;
			buildSettings = {
				ALWAYS_SEARCH_USER_PATHS = NO;
				ASSETCATALOG_COMPILER_GENERATE_SWIFT_ASSET_SYMBOL_EXTENSIONS = YES;
				CLANG_ANALYZER_NONNULL = YES;
				CLANG_ANALYZER_NUMBER_OBJECT_CONVERSION = YES_AGGRESSIVE;
				CLANG_CXX_LANGUAGE_STANDARD = "gnu++20";
				CLANG_ENABLE_MODULES = YES;
				CLANG_ENABLE_OBJC_ARC = YES;
				CLANG_ENABLE_OBJC_WEAK = YES;
				CLANG_WARN_BLOCK_CAPTURE_AUTORELEASING = YES;
				CLANG_WARN_BOOL_CONVERSION = YES;
				CLANG_WARN_COMMA = YES;
				CLANG_WARN_CONSTANT_CONVERSION = YES;
				CLANG_WARN_DEPRECATED_OBJC_IMPLEMENTATIONS = YES;
				CLANG_WARN_DIRECT_OBJC_ISA_USAGE = YES_ERROR;
				CLANG_WARN_DOCUMENTATION_COMMENTS = YES;
				CLANG_WARN_EMPTY_BODY = YES;
				CLANG_WARN_ENUM_CONVERSION = YES;
				CLANG_WARN_INFINITE_RECURSION = YES;
				CLANG_WARN_INT_CONVERSION = YES;
				CLANG_WARN_NON_LITERAL_NULL_CONVERSION = YES;
				CLANG_WARN_OBJC_IMPLICIT_RETAIN_SELF = YES;
				CLANG_WARN_OBJC_LITERAL_CONVERSION = YES;
				CLANG_WARN_OBJC_ROOT_CLASS = YES_ERROR;
				CLANG_WARN_QUOTED_INCLUDE_IN_FRAMEWORK_HEADER = YES;
				CLANG_WARN_RANGE_LOOP_ANALYSIS = YES;
				CLANG_WARN_STRICT_PROTOTYPES = YES;
				CLANG_WARN_SUSPICIOUS_MOVE = YES;
				CLANG_WARN_UNGUARDED_AVAILABILITY = YES_AGGRESSIVE;
				CLANG_WARN_UNREACHABLE_CODE = YES;
				CLANG_WARN__DUPLICATE_METHOD_MATCH = YES;
				COPY_PHASE_STRIP = NO;
				DEBUG_INFORMATION_FORMAT = "dwarf-with-dsym";
				ENABLE_NS_ASSERTIONS = NO;
				ENABLE_STRICT_OBJC_MSGSEND = YES;
				ENABLE_USER_SCRIPT_SANDBOXING = YES;
				GCC_C_LANGUAGE_STANDARD = gnu17;
				GCC_NO_COMMON_BLOCKS = YES;
				GCC_WARN_64_TO_32_BIT_CONVERSION = YES;
				GCC_WARN_ABOUT_RETURN_TYPE = YES_ERROR;
				GCC_WARN_UNDECLARED_SELECTOR = YES;
				GCC_WARN_UNINITIALIZED_AUTOS = YES_AGGRESSIVE;
				GCC_WARN_UNUSED_FUNCTION = YES;
				GCC_WARN_UNUSED_VARIABLE = YES;
				IPHONEOS_DEPLOYMENT_TARGET = 17.5;
				LOCALIZATION_PREFERS_STRING_CATALOGS = YES;
				MTL_ENABLE_DEBUG_INFO = NO;
				MTL_FAST_MATH = YES;
				SDKROOT = iphoneos;
				SWIFT_COMPILATION_MODE = wholemodule;
				VALIDATE_PRODUCT = YES;
			};
			name = Release;
		};
		A1BA9EF62D45B2EE00C1F6A9 /* Debug */ = {
			isa = XCBuildConfiguration;
			buildSettings = {
				ASSETCATALOG_COMPILER_APPICON_NAME = AppIcon;
				ASSETCATALOG_COMPILER_GLOBAL_ACCENT_COLOR_NAME = AccentColor;
				CODE_SIGN_STYLE = Automatic;
				CURRENT_PROJECT_VERSION = 1;
				GENERATE_INFOPLIST_FILE = YES;
				INFOPLIST_FILE = Prework/Info.plist;
				INFOPLIST_KEY_UIApplicationSupportsIndirectInputEvents = YES;
				INFOPLIST_KEY_UILaunchStoryboardName = LaunchScreen;
				INFOPLIST_KEY_UIMainStoryboardFile = Main;
				INFOPLIST_KEY_UISupportedInterfaceOrientations_iPad = "UIInterfaceOrientationPortrait UIInterfaceOrientationPortraitUpsideDown UIInterfaceOrientationLandscapeLeft UIInterfaceOrientationLandscapeRight";
				INFOPLIST_KEY_UISupportedInterfaceOrientations_iPhone = "UIInterfaceOrientationPortrait UIInterfaceOrientationLandscapeLeft UIInterfaceOrientationLandscapeRight";
				LD_RUNPATH_SEARCH_PATHS = (
					"$(inherited)",
					"@executable_path/Frameworks",
				);
				MARKETING_VERSION = 1.0;
				PRODUCT_BUNDLE_IDENTIFIER = ios.Prework;
				PRODUCT_NAME = "$(TARGET_NAME)";
				SWIFT_EMIT_LOC_STRINGS = YES;
				SWIFT_VERSION = 5.0;
				TARGETED_DEVICE_FAMILY = "1,2";
			};
			name = Debug;
		};
		A1BA9EF72D45B2EE00C1F6A9 /* Release */ = {
			isa = XCBuildConfiguration;
			buildSettings = {
				ASSETCATALOG_COMPILER_APPICON_NAME = AppIcon;
				ASSETCATALOG_COMPILER_GLOBAL_ACCENT_COLOR_NAME = AccentColor;
				CODE_SIGN_STYLE = Automatic;
				CURRENT_PROJECT_VERSION = 1;
				GENERATE_INFOPLIST_FILE = YES;
				INFOPLIST_FILE = Prework/Info.plist;
				INFOPLIST_KEY_UIApplicationSupportsIndirectInputEvents = YES;
				INFOPLIST_KEY_UILaunchStoryboardName = LaunchScreen;
				INFOPLIST_KEY_UIMainStoryboardFile = Main;
				INFOPLIST_KEY_UISupportedInterfaceOrientations_iPad = "UIInterfaceOrientationPortrait UIInterfaceOrientationPortraitUpsideDown UIInterfaceOrientationLandscapeLeft UIInterfaceOrientationLandscapeRight";
				INFOPLIST_KEY_UISupportedInterfaceOrientations_iPhone = "UIInterfaceOrientationPortrait UIInterfaceOrientationLandscapeLeft UIInterfaceOrientationLandscapeRight";
				LD_RUNPATH_SEARCH_PATHS = (
					"$(inherited)",
					"@executable_path/Frameworks",
				);
				MARKETING_VERSION = 1.0;
				PRODUCT_BUNDLE_IDENTIFIER = ios.Prework;
				PRODUCT_NAME = "$(TARGET_NAME)";
				SWIFT_EMIT_LOC_STRINGS = YES;
				SWIFT_VERSION = 5.0;
				TARGETED_DEVICE_FAMILY = "1,2";
			};
			name = Release;
		};
		A1BA9EF92D45B2EE00C1F6A9 /* Debug */ = {
			isa = XCBuildConfiguration;
			buildSettings = {
				ALWAYS_EMBED_SWIFT_STANDARD_LIBRARIES = YES;
				BUNDLE_LOADER = "$(TEST_HOST)";
				CODE_SIGN_STYLE = Automatic;
				CURRENT_PROJECT_VERSION = 1;
				GENERATE_INFOPLIST_FILE = YES;
				IPHONEOS_DEPLOYMENT_TARGET = 17.5;
				MARKETING_VERSION = 1.0;
				PRODUCT_BUNDLE_IDENTIFIER = ios.PreworkTests;
				PRODUCT_NAME = "$(TARGET_NAME)";
				SWIFT_EMIT_LOC_STRINGS = NO;
				SWIFT_VERSION = 5.0;
				TARGETED_DEVICE_FAMILY = "1,2";
				TEST_HOST = "$(BUILT_PRODUCTS_DIR)/Prework.app/$(BUNDLE_EXECUTABLE_FOLDER_PATH)/Prework";
			};
			name = Debug;
		};
		A1BA9EFA2D45B2EE00C1F6A9 /* Release */ = {
			isa = XCBuildConfiguration;
			buildSettings = {
				ALWAYS_EMBED_SWIFT_STANDARD_LIBRARIES = YES;
				BUNDLE_LOADER = "$(TEST_HOST)";
				CODE_SIGN_STYLE = Automatic;
				CURRENT_PROJECT_VERSION = 1;
				GENERATE_INFOPLIST_FILE = YES;
				IPHONEOS_DEPLOYMENT_TARGET = 17.5;
				MARKETING_VERSION = 1.0;
				PRODUCT_BUNDLE_IDENTIFIER = ios.PreworkTests;
				PRODUCT_NAME = "$(TARGET_NAME)";
				SWIFT_EMIT_LOC_STRINGS = NO;
				SWIFT_VERSION = 5.0;
				TARGETED_DEVICE_FAMILY = "1,2";
				TEST_HOST = "$(BUILT_PRODUCTS_DIR)/Prework.app/$(BUNDLE_EXECUTABLE_FOLDER_PATH)/Prework";
			};
			name = Release;
		};
		A1BA9EFC2D45B2EE00C1F6A9 /* Debug */ = {
			isa = XCBuildConfiguration;
			buildSettings = {
				ALWAYS_EMBED_SWIFT_STANDARD_LIBRARIES = YES;
				CODE_SIGN_STYLE = Automatic;
				CURRENT_PROJECT_VERSION = 1;
				GENERATE_INFOPLIST_FILE = YES;
				MARKETING_VERSION = 1.0;
				PRODUCT_BUNDLE_IDENTIFIER = ios.PreworkUITests;
				PRODUCT_NAME = "$(TARGET_NAME)";
				SWIFT_EMIT_LOC_STRINGS = NO;
				SWIFT_VERSION = 5.0;
				TARGETED_DEVICE_FAMILY = "1,2";
				TEST_TARGET_NAME = Prework;
			};
			name = Debug;
		};
		A1BA9EFD2D45B2EE00C1F6A9 /* Release */ = {
			isa = XCBuildConfiguration;
			buildSettings = {
				ALWAYS_EMBED_SWIFT_STANDARD_LIBRARIES = YES;
				CODE_SIGN_STYLE = Automatic;
				CURRENT_PROJECT_VERSION = 1;
				GENERATE_INFOPLIST_FILE = YES;
				MARKETING_VERSION = 1.0;
				PRODUCT_BUNDLE_IDENTIFIER = ios.PreworkUITests;
				PRODUCT_NAME = "$(TARGET_NAME)";
				SWIFT_EMIT_LOC_STRINGS = NO;
				SWIFT_VERSION = 5.0;
				TARGETED_DEVICE_FAMILY = "1,2";
				TEST_TARGET_NAME = Prework;
			};
			name = Release;
		};
/* End XCBuildConfiguration section */

/* Begin XCConfigurationList section */
		A1BA9EC62D45B2EC00C1F6A9 /* Build configuration list for PBXProject "Prework" */ = {
			isa = XCConfigurationList;
			buildConfigurations = (
				A1BA9EF32D45B2EE00C1F6A9 /* Debug */,
				A1BA9EF42D45B2EE00C1F6A9 /* Release */,
			);
			defaultConfigurationIsVisible = 0;
			defaultConfigurationName = Release;
		};
		A1BA9EF52D45B2EE00C1F6A9 /* Build configuration list for PBXNativeTarget "Prework" */ = {
			isa = XCConfigurationList;
			buildConfigurations = (
				A1BA9EF62D45B2EE00C1F6A9 /* Debug */,
				A1BA9EF72D45B2EE00C1F6A9 /* Release */,
			);
			defaultConfigurationIsVisible = 0;
			defaultConfigurationName = Release;
		};
		A1BA9EF82D45B2EE00C1F6A9 /* Build configuration list for PBXNativeTarget "PreworkTests" */ = {
			isa = XCConfigurationList;
			buildConfigurations = (
				A1BA9EF92D45B2EE00C1F6A9 /* Debug */,
				A1BA9EFA2D45B2EE00C1F6A9 /* Release */,
			);
			defaultConfigurationIsVisible = 0;
			defaultConfigurationName = Release;
		};
		A1BA9EFB2D45B2EE00C1F6A9 /* Build configuration list for PBXNativeTarget "PreworkUITests" */ = {
			isa = XCConfigurationList;
			buildConfigurations = (
				A1BA9EFC2D45B2EE00C1F6A9 /* Debug */,
				A1BA9EFD2D45B2EE00C1F6A9 /* Release */,
			);
			defaultConfigurationIsVisible = 0;
			defaultConfigurationName = Release;
		};
/* End XCConfigurationList section */
	};
	rootObject = A1BA9EC32D45B2EC00C1F6A9 /* Project object */;
}
